
Microsoft Visual Studio Solution File, Format Version 12.00
# Visual Studio 15
VisualStudioVersion = 15.0.26730.16
MinimumVisualStudioVersion = 10.0.40219.1
Project("{8BC9CEB8-8B4A-11D0-8D11-00A0C91BC942}") = "SEMAP Uloha 3", "SEMAP Uloha 3\SEMAP Uloha 3.vcxproj", "{733110C5-EE79-49B9-A007-4E7A61FB194E}"
EndProject
Global
	GlobalSection(SolutionConfigurationPlatforms) = preSolution
		Debug|x64 = Debug|x64
		Debug|x86 = Debug|x86
		Release|x64 = Release|x64
		Release|x86 = Release|x86
	EndGlobalSection
	GlobalSection(ProjectConfigurationPlatforms) = postSolution
		{733110C5-EE79-49B9-A007-4E7A61FB194E}.Debug|x64.ActiveCfg = Debug|x64
		{733110C5-EE79-49B9-A007-4E7A61FB194E}.Debug|x64.Build.0 = Debug|x64
		{733110C5-EE79-49B9-A007-4E7A61FB194E}.Debug|x86.ActiveCfg = Debug|Win32
		{733110C5-EE79-49B9-A007-4E7A61FB194E}.Debug|x86.Build.0 = Debug|Win32
		{733110C5-EE79-49B9-A007-4E7A61FB194E}.Release|x64.ActiveCfg = Release|x64
		{733110C5-EE79-49B9-A007-4E7A61FB194E}.Release|x64.Build.0 = Release|x64
		{733110C5-EE79-49B9-A007-4E7A61FB194E}.Release|x86.ActiveCfg = Release|Win32
		{733110C5-EE79-49B9-A007-4E7A61FB194E}.Release|x86.Build.0 = Release|Win32
	EndGlobalSection
	GlobalSection(SolutionProperties) = preSolution
		HideSolutionNode = FALSE
	EndGlobalSection
	GlobalSection(ExtensibilityGlobals) = postSolution
		SolutionGuid = {C4A72008-4090-4700-A13D-F80639FEF7B6}
	EndGlobalSection
EndGlobal
